// !$*UTF8*$!
{
	archiveVersion = 1;
	classes = {
	};
	objectVersion = 46;
	objects = {

/* Begin PBXBuildFile section */
		141C3F83172D3D0D00B31DC6 /* UIKit.framework in Frameworks */ = {isa = PBXBuildFile; fileRef = 141C3F82172D3D0D00B31DC6 /* UIKit.framework */; };
		141C3F85172D3D0D00B31DC6 /* Foundation.framework in Frameworks */ = {isa = PBXBuildFile; fileRef = 141C3F84172D3D0D00B31DC6 /* Foundation.framework */; };
		141C3F87172D3D0D00B31DC6 /* CoreGraphics.framework in Frameworks */ = {isa = PBXBuildFile; fileRef = 141C3F86172D3D0D00B31DC6 /* CoreGraphics.framework */; };
		141C3F8D172D3D0D00B31DC6 /* InfoPlist.strings in Resources */ = {isa = PBXBuildFile; fileRef = 141C3F8B172D3D0D00B31DC6 /* InfoPlist.strings */; };
		141C3F8F172D3D0D00B31DC6 /* main.m in Sources */ = {isa = PBXBuildFile; fileRef = 141C3F8E172D3D0D00B31DC6 /* main.m */; };
		141C3F93172D3D0D00B31DC6 /* AppDelegate.m in Sources */ = {isa = PBXBuildFile; fileRef = 141C3F92172D3D0D00B31DC6 /* AppDelegate.m */; };
		141C3F95172D3D0D00B31DC6 /* Default.png in Resources */ = {isa = PBXBuildFile; fileRef = 141C3F94172D3D0D00B31DC6 /* Default.png */; };
		141C3F97172D3D0D00B31DC6 /* Default@2x.png in Resources */ = {isa = PBXBuildFile; fileRef = 141C3F96172D3D0D00B31DC6 /* Default@2x.png */; };
		141C3F99172D3D0D00B31DC6 /* Default-568h@2x.png in Resources */ = {isa = PBXBuildFile; fileRef = 141C3F98172D3D0D00B31DC6 /* Default-568h@2x.png */; };
		141C3F9C172D3D0D00B31DC6 /* ViewController.m in Sources */ = {isa = PBXBuildFile; fileRef = 141C3F9B172D3D0D00B31DC6 /* ViewController.m */; };
		141C3F9F172D3D0D00B31DC6 /* ViewController.xib in Resources */ = {isa = PBXBuildFile; fileRef = 141C3F9D172D3D0D00B31DC6 /* ViewController.xib */; };
		141C3FA8172D3EF600B31DC6 /* mainViewController.m in Sources */ = {isa = PBXBuildFile; fileRef = 141C3FA6172D3EF600B31DC6 /* mainViewController.m */; };
		141C3FA9172D3EF600B31DC6 /* mainViewController.xib in Resources */ = {isa = PBXBuildFile; fileRef = 141C3FA7172D3EF600B31DC6 /* mainViewController.xib */; };
		141C3FAB172D4AC600B31DC6 /* apple-touch-icon-114x114-precomposed.png in Resources */ = {isa = PBXBuildFile; fileRef = 141C3FAA172D4AC600B31DC6 /* apple-touch-icon-114x114-precomposed.png */; };
		141C3FAD172D4ACC00B31DC6 /* webcontent-57.png in Resources */ = {isa = PBXBuildFile; fileRef = 141C3FAC172D4ACC00B31DC6 /* webcontent-57.png */; };
		141C3FAF172D4ADC00B31DC6 /* Default-568h@2x.png in Resources */ = {isa = PBXBuildFile; fileRef = 141C3FAE172D4ADC00B31DC6 /* Default-568h@2x.png */; };
		141C3FB1172D4AEC00B31DC6 /* Default@2x.png in Resources */ = {isa = PBXBuildFile; fileRef = 141C3FB0172D4AEC00B31DC6 /* Default@2x.png */; };
/* End PBXBuildFile section */

/* Begin PBXFileReference section */
		141C3F7F172D3D0D00B31DC6 /* crosschat3.app */ = {isa = PBXFileReference; explicitFileType = wrapper.application; includeInIndex = 0; path = crosschat3.app; sourceTree = BUILT_PRODUCTS_DIR; };
		141C3F82172D3D0D00B31DC6 /* UIKit.framework */ = {isa = PBXFileReference; lastKnownFileType = wrapper.framework; name = UIKit.framework; path = System/Library/Frameworks/UIKit.framework; sourceTree = SDKROOT; };
		141C3F84172D3D0D00B31DC6 /* Foundation.framework */ = {isa = PBXFileReference; lastKnownFileType = wrapper.framework; name = Foundation.framework; path = System/Library/Frameworks/Foundation.framework; sourceTree = SDKROOT; };
		141C3F86172D3D0D00B31DC6 /* CoreGraphics.framework */ = {isa = PBXFileReference; lastKnownFileType = wrapper.framework; name = CoreGraphics.framework; path = System/Library/Frameworks/CoreGraphics.framework; sourceTree = SDKROOT; };
		141C3F8A172D3D0D00B31DC6 /* crosschat3-Info.plist */ = {isa = PBXFileReference; lastKnownFileType = text.plist.xml; path = "crosschat3-Info.plist"; sourceTree = "<group>"; };
		141C3F8C172D3D0D00B31DC6 /* en */ = {isa = PBXFileReference; lastKnownFileType = text.plist.strings; name = en; path = en.lproj/InfoPlist.strings; sourceTree = "<group>"; };
		141C3F8E172D3D0D00B31DC6 /* main.m */ = {isa = PBXFileReference; lastKnownFileType = sourcecode.c.objc; path = main.m; sourceTree = "<group>"; };
		141C3F90172D3D0D00B31DC6 /* crosschat3-Prefix.pch */ = {isa = PBXFileReference; lastKnownFileType = sourcecode.c.h; path = "crosschat3-Prefix.pch"; sourceTree = "<group>"; };
		141C3F91172D3D0D00B31DC6 /* AppDelegate.h */ = {isa = PBXFileReference; lastKnownFileType = sourcecode.c.h; path = AppDelegate.h; sourceTree = "<group>"; };
		141C3F92172D3D0D00B31DC6 /* AppDelegate.m */ = {isa = PBXFileReference; lastKnownFileType = sourcecode.c.objc; path = AppDelegate.m; sourceTree = "<group>"; };
		141C3F94172D3D0D00B31DC6 /* Default.png */ = {isa = PBXFileReference; lastKnownFileType = image.png; path = Default.png; sourceTree = "<group>"; };
		141C3F96172D3D0D00B31DC6 /* Default@2x.png */ = {isa = PBXFileReference; lastKnownFileType = image.png; path = "Default@2x.png"; sourceTree = "<group>"; };
		141C3F98172D3D0D00B31DC6 /* Default-568h@2x.png */ = {isa = PBXFileReference; lastKnownFileType = image.png; path = "Default-568h@2x.png"; sourceTree = "<group>"; };
		141C3F9A172D3D0D00B31DC6 /* ViewController.h */ = {isa = PBXFileReference; lastKnownFileType = sourcecode.c.h; path = ViewController.h; sourceTree = "<group>"; };
		141C3F9B172D3D0D00B31DC6 /* ViewController.m */ = {isa = PBXFileReference; lastKnownFileType = sourcecode.c.objc; path = ViewController.m; sourceTree = "<group>"; };
		141C3F9E172D3D0D00B31DC6 /* en */ = {isa = PBXFileReference; lastKnownFileType = file.xib; name = en; path = en.lproj/ViewController.xib; sourceTree = "<group>"; };
		141C3FA5172D3EF600B31DC6 /* mainViewController.h */ = {isa = PBXFileReference; fileEncoding = 4; lastKnownFileType = sourcecode.c.h; path = mainViewController.h; sourceTree = "<group>"; };
		141C3FA6172D3EF600B31DC6 /* mainViewController.m */ = {isa = PBXFileReference; fileEncoding = 4; lastKnownFileType = sourcecode.c.objc; path = mainViewController.m; sourceTree = "<group>"; };
		141C3FA7172D3EF600B31DC6 /* mainViewController.xib */ = {isa = PBXFileReference; fileEncoding = 4; lastKnownFileType = file.xib; path = mainViewController.xib; sourceTree = "<group>"; };
		141C3FAA172D4AC600B31DC6 /* apple-touch-icon-114x114-precomposed.png */ = {isa = PBXFileReference; lastKnownFileType = image.png; path = "apple-touch-icon-114x114-precomposed.png"; sourceTree = "<group>"; };
		141C3FAC172D4ACC00B31DC6 /* webcontent-57.png */ = {isa = PBXFileReference; lastKnownFileType = image.png; path = "webcontent-57.png"; sourceTree = "<group>"; };
		141C3FAE172D4ADC00B31DC6 /* Default-568h@2x.png */ = {isa = PBXFileReference; lastKnownFileType = image.png; path = "Default-568h@2x.png"; sourceTree = "<group>"; };
		141C3FB0172D4AEC00B31DC6 /* Default@2x.png */ = {isa = PBXFileReference; lastKnownFileType = image.png; path = "Default@2x.png"; sourceTree = "<group>"; };
/* End PBXFileReference section */

/* Begin PBXFrameworksBuildPhase section */
		141C3F7C172D3D0D00B31DC6 /* Frameworks */ = {
			isa = PBXFrameworksBuildPhase;
			buildActionMask = 2147483647;
			files = (
				141C3F83172D3D0D00B31DC6 /* UIKit.framework in Frameworks */,
				141C3F85172D3D0D00B31DC6 /* Foundation.framework in Frameworks */,
				141C3F87172D3D0D00B31DC6 /* CoreGraphics.framework in Frameworks */,
			);
			runOnlyForDeploymentPostprocessing = 0;
		};
/* End PBXFrameworksBuildPhase section */

/* Begin PBXGroup section */
		141C3F76172D3D0D00B31DC6 = {
			isa = PBXGroup;
			children = (
				141C3FB0172D4AEC00B31DC6 /* Default@2x.png */,
				141C3FAE172D4ADC00B31DC6 /* Default-568h@2x.png */,
				141C3FAC172D4ACC00B31DC6 /* webcontent-57.png */,
				141C3FAA172D4AC600B31DC6 /* apple-touch-icon-114x114-precomposed.png */,
				141C3F88172D3D0D00B31DC6 /* crosschat3 */,
				141C3F81172D3D0D00B31DC6 /* Frameworks */,
				141C3F80172D3D0D00B31DC6 /* Products */,
			);
			sourceTree = "<group>";
		};
		141C3F80172D3D0D00B31DC6 /* Products */ = {
			isa = PBXGroup;
			children = (
				141C3F7F172D3D0D00B31DC6 /* crosschat3.app */,
			);
			name = Products;
			sourceTree = "<group>";
		};
		141C3F81172D3D0D00B31DC6 /* Frameworks */ = {
			isa = PBXGroup;
			children = (
				141C3F82172D3D0D00B31DC6 /* UIKit.framework */,
				141C3F84172D3D0D00B31DC6 /* Foundation.framework */,
				141C3F86172D3D0D00B31DC6 /* CoreGraphics.framework */,
			);
			name = Frameworks;
			sourceTree = "<group>";
		};
		141C3F88172D3D0D00B31DC6 /* crosschat3 */ = {
			isa = PBXGroup;
			children = (
				141C3F91172D3D0D00B31DC6 /* AppDelegate.h */,
				141C3F92172D3D0D00B31DC6 /* AppDelegate.m */,
				141C3F9A172D3D0D00B31DC6 /* ViewController.h */,
				141C3F9B172D3D0D00B31DC6 /* ViewController.m */,
				141C3F9D172D3D0D00B31DC6 /* ViewController.xib */,
				141C3FA5172D3EF600B31DC6 /* mainViewController.h */,
				141C3FA6172D3EF600B31DC6 /* mainViewController.m */,
				141C3FA7172D3EF600B31DC6 /* mainViewController.xib */,
				141C3F89172D3D0D00B31DC6 /* Supporting Files */,
			);
			path = crosschat3;
			sourceTree = "<group>";
		};
		141C3F89172D3D0D00B31DC6 /* Supporting Files */ = {
			isa = PBXGroup;
			children = (
				141C3F8A172D3D0D00B31DC6 /* crosschat3-Info.plist */,
				141C3F8B172D3D0D00B31DC6 /* InfoPlist.strings */,
				141C3F8E172D3D0D00B31DC6 /* main.m */,
				141C3F90172D3D0D00B31DC6 /* crosschat3-Prefix.pch */,
				141C3F94172D3D0D00B31DC6 /* Default.png */,
				141C3F96172D3D0D00B31DC6 /* Default@2x.png */,
				141C3F98172D3D0D00B31DC6 /* Default-568h@2x.png */,
			);
			name = "Supporting Files";
			sourceTree = "<group>";
		};
/* End PBXGroup section */

/* Begin PBXNativeTarget section */
		141C3F7E172D3D0D00B31DC6 /* crosschat3 */ = {
			isa = PBXNativeTarget;
			buildConfigurationList = 141C3FA2172D3D0D00B31DC6 /* Build configuration list for PBXNativeTarget "crosschat3" */;
			buildPhases = (
				141C3F7B172D3D0D00B31DC6 /* Sources */,
				141C3F7C172D3D0D00B31DC6 /* Frameworks */,
				141C3F7D172D3D0D00B31DC6 /* Resources */,
			);
			buildRules = (
			);
			dependencies = (
			);
			name = crosschat3;
			productName = crosschat3;
			productReference = 141C3F7F172D3D0D00B31DC6 /* crosschat3.app */;
			productType = "com.apple.product-type.application";
		};
/* End PBXNativeTarget section */

/* Begin PBXProject section */
		141C3F77172D3D0D00B31DC6 /* Project object */ = {
			isa = PBXProject;
			attributes = {
				LastUpgradeCheck = 0460;
				ORGANIZATIONNAME = "Akashy Iyengar";
			};
			buildConfigurationList = 141C3F7A172D3D0D00B31DC6 /* Build configuration list for PBXProject "crosschat3" */;
			compatibilityVersion = "Xcode 3.2";
			developmentRegion = English;
			hasScannedForEncodings = 0;
			knownRegions = (
				en,
			);
			mainGroup = 141C3F76172D3D0D00B31DC6;
			productRefGroup = 141C3F80172D3D0D00B31DC6 /* Products */;
			projectDirPath = "";
			projectRoot = "";
			targets = (
				141C3F7E172D3D0D00B31DC6 /* crosschat3 */,
			);
		};
/* End PBXProject section */

/* Begin PBXResourcesBuildPhase section */
		141C3F7D172D3D0D00B31DC6 /* Resources */ = {
			isa = PBXResourcesBuildPhase;
			buildActionMask = 2147483647;
			files = (
				141C3F8D172D3D0D00B31DC6 /* InfoPlist.strings in Resources */,
				141C3F95172D3D0D00B31DC6 /* Default.png in Resources */,
				141C3F97172D3D0D00B31DC6 /* Default@2x.png in Resources */,
				141C3F99172D3D0D00B31DC6 /* Default-568h@2x.png in Resources */,
				141C3F9F172D3D0D00B31DC6 /* ViewController.xib in Resources */,
				141C3FA9172D3EF600B31DC6 /* mainViewController.xib in Resources */,
				141C3FAB172D4AC600B31DC6 /* apple-touch-icon-114x114-precomposed.png in Resources */,
				141C3FAD172D4ACC00B31DC6 /* webcontent-57.png in Resources */,
				141C3FAF172D4ADC00B31DC6 /* Default-568h@2x.png in Resources */,
				141C3FB1172D4AEC00B31DC6 /* Default@2x.png in Resources */,
			);
			runOnlyForDeploymentPostprocessing = 0;
		};
/* End PBXResourcesBuildPhase section */

/* Begin PBXSourcesBuildPhase section */
		141C3F7B172D3D0D00B31DC6 /* Sources */ = {
			isa = PBXSourcesBuildPhase;
			buildActionMask = 2147483647;
			files = (
				141C3F8F172D3D0D00B31DC6 /* main.m in Sources */,
				141C3F93172D3D0D00B31DC6 /* AppDelegate.m in Sources */,
				141C3F9C172D3D0D00B31DC6 /* ViewController.m in Sources */,
				141C3FA8172D3EF600B31DC6 /* mainViewController.m in Sources */,
			);
			runOnlyForDeploymentPostprocessing = 0;
		};
/* End PBXSourcesBuildPhase section */

/* Begin PBXVariantGroup section */
		141C3F8B172D3D0D00B31DC6 /* InfoPlist.strings */ = {
			isa = PBXVariantGroup;
			children = (
				141C3F8C172D3D0D00B31DC6 /* en */,
			);
			name = InfoPlist.strings;
			sourceTree = "<group>";
		};
		141C3F9D172D3D0D00B31DC6 /* ViewController.xib */ = {
			isa = PBXVariantGroup;
			children = (
				141C3F9E172D3D0D00B31DC6 /* en */,
			);
			name = ViewController.xib;
			sourceTree = "<group>";
		};
/* End PBXVariantGroup section */

/* Begin XCBuildConfiguration section */
		141C3FA0172D3D0D00B31DC6 /* Debug */ = {
			isa = XCBuildConfiguration;
			buildSettings = {
				ALWAYS_SEARCH_USER_PATHS = NO;
				CLANG_CXX_LANGUAGE_STANDARD = "gnu++0x";
				CLANG_CXX_LIBRARY = "libc++";
				CLANG_ENABLE_OBJC_ARC = YES;
				CLANG_WARN_CONSTANT_CONVERSION = YES;
				CLANG_WARN_EMPTY_BODY = YES;
				CLANG_WARN_ENUM_CONVERSION = YES;
				CLANG_WARN_INT_CONVERSION = YES;
				CLANG_WARN__DUPLICATE_METHOD_MATCH = YES;
				"CODE_SIGN_IDENTITY[sdk=iphoneos*]" = "iPhone Developer";
				COPY_PHASE_STRIP = NO;
				GCC_C_LANGUAGE_STANDARD = gnu99;
				GCC_DYNAMIC_NO_PIC = NO;
				GCC_OPTIMIZATION_LEVEL = 0;
				GCC_PREPROCESSOR_DEFINITIONS = (
					"DEBUG=1",
					"$(inherited)",
				);
				GCC_SYMBOLS_PRIVATE_EXTERN = NO;
				GCC_WARN_ABOUT_RETURN_TYPE = YES;
				GCC_WARN_UNINITIALIZED_AUTOS = YES;
				GCC_WARN_UNUSED_VARIABLE = YES;
				IPHONEOS_DEPLOYMENT_TARGET = 6.1;
				ONLY_ACTIVE_ARCH = YES;
				SDKROOT = iphoneos;
			};
			name = Debug;
		};
		141C3FA1172D3D0D00B31DC6 /* Release */ = {
			isa = XCBuildConfiguration;
			buildSettings = {
				ALWAYS_SEARCH_USER_PATHS = NO;
				CLANG_CXX_LANGUAGE_STANDARD = "gnu++0x";
				CLANG_CXX_LIBRARY = "libc++";
				CLANG_ENABLE_OBJC_ARC = YES;
				CLANG_WARN_CONSTANT_CONVERSION = YES;
				CLANG_WARN_EMPTY_BODY = YES;
				CLANG_WARN_ENUM_CONVERSION = YES;
				CLANG_WARN_INT_CONVERSION = YES;
				CLANG_WARN__DUPLICATE_METHOD_MATCH = YES;
				"CODE_SIGN_IDENTITY[sdk=iphoneos*]" = "iPhone Developer";
				COPY_PHASE_STRIP = YES;
				GCC_C_LANGUAGE_STANDARD = gnu99;
				GCC_WARN_ABOUT_RETURN_TYPE = YES;
				GCC_WARN_UNINITIALIZED_AUTOS = YES;
				GCC_WARN_UNUSED_VARIABLE = YES;
				IPHONEOS_DEPLOYMENT_TARGET = 6.1;
				OTHER_CFLAGS = "-DNS_BLOCK_ASSERTIONS=1";
				SDKROOT = iphoneos;
				VALIDATE_PRODUCT = YES;
			};
			name = Release;
		};
		141C3FA3172D3D0D00B31DC6 /* Debug */ = {
			isa = XCBuildConfiguration;
			buildSettings = {
				GCC_PRECOMPILE_PREFIX_HEADER = YES;
				GCC_PREFIX_HEADER = "crosschat3/crosschat3-Prefix.pch";
				INFOPLIST_FILE = "crosschat3/crosschat3-Info.plist";
				PRODUCT_NAME = "$(TARGET_NAME)";
				WRAPPER_EXTENSION = app;
			};
			name = Debug;
		};
		141C3FA4172D3D0D00B31DC6 /* Release */ = {
			isa = XCBuildConfiguration;
			buildSettings = {
				GCC_PRECOMPILE_PREFIX_HEADER = YES;
				GCC_PREFIX_HEADER = "crosschat3/crosschat3-Prefix.pch";
				INFOPLIST_FILE = "crosschat3/crosschat3-Info.plist";
				PRODUCT_NAME = "$(TARGET_NAME)";
				WRAPPER_EXTENSION = app;
			};
			name = Release;
		};
/* End XCBuildConfiguration section */

/* Begin XCConfigurationList section */
		141C3F7A172D3D0D00B31DC6 /* Build configuration list for PBXProject "crosschat3" */ = {
			isa = XCConfigurationList;
			buildConfigurations = (
				141C3FA0172D3D0D00B31DC6 /* Debug */,
				141C3FA1172D3D0D00B31DC6 /* Release */,
			);
			defaultConfigurationIsVisible = 0;
			defaultConfigurationName = Release;
		};
		141C3FA2172D3D0D00B31DC6 /* Build configuration list for PBXNativeTarget "crosschat3" */ = {
			isa = XCConfigurationList;
			buildConfigurations = (
				141C3FA3172D3D0D00B31DC6 /* Debug */,
				141C3FA4172D3D0D00B31DC6 /* Release */,
			);
			defaultConfigurationIsVisible = 0;
		};
/* End XCConfigurationList section */
	};
	rootObject = 141C3F77172D3D0D00B31DC6 /* Project object */;
}
